
Microsoft Visual Studio Solution File, Format Version 12.00
# Visual Studio Version 16
VisualStudioVersion = 16.0.29911.84
MinimumVisualStudioVersion = 10.0.40219.1
Project("{9A19103F-16F7-4668-BE54-9A1E7A4F7556}") = "BusinessImpl", "BusinessImpl\BusinessImpl.csproj", "{C5AF17BC-0C16-4066-A5BE-5A209F65A169}"
EndProject
Project("{9A19103F-16F7-4668-BE54-9A1E7A4F7556}") = "RepoInMemory", "RepoInMemory\RepoInMemory.csproj", "{E9C8EE75-BCAF-46B6-84F9-032803D35BE6}"
EndProject
Project("{9A19103F-16F7-4668-BE54-9A1E7A4F7556}") = "Domain", "Domain\Domain.csproj", "{F89580DC-6C91-4F9D-81EA-EDE3222CA344}"
EndProject
Project("{9A19103F-16F7-4668-BE54-9A1E7A4F7556}") = "SupplierWebService", "SupplierWebService\SupplierWebService.csproj", "{37B522B5-22DF-47AD-AEC0-38582CAE2F7A}"
EndProject
Project("{9A19103F-16F7-4668-BE54-9A1E7A4F7556}") = "WebAPI", "WebAPI\WebAPI.csproj", "{713F62D5-0D47-4FB5-B1EE-0C8934DBB23E}"
EndProject
Project("{9A19103F-16F7-4668-BE54-9A1E7A4F7556}") = "DBFake", "DBFake\DBFake.csproj", "{95982CAE-2CDD-4FFD-BBCB-851961BED9CA}"
EndProject
Project("{9A19103F-16F7-4668-BE54-9A1E7A4F7556}") = "WebAPITest", "WebAPITest\WebAPITest.csproj", "{B4F91C13-A925-4005-B64E-9B4A8EE79FC7}"
EndProject
Project("{9A19103F-16F7-4668-BE54-9A1E7A4F7556}") = "Application", "Application\Application.csproj", "{9391097F-4DAE-4B3C-981C-AA51C8D28839}"
EndProject
Project("{2150E333-8FDC-42A3-9474-1A3956D46DE8}") = "Test", "Test", "{C6685B51-BF85-446B-A22B-085D14F3ECA7}"
EndProject
Project("{2150E333-8FDC-42A3-9474-1A3956D46DE8}") = "Integration", "Integration", "{B7CA67E1-4D09-4F3C-8C10-F4FB816CE272}"
EndProject
Project("{2150E333-8FDC-42A3-9474-1A3956D46DE8}") = "Unit", "Unit", "{53511357-895A-4905-8D02-D57D3BCF853A}"
EndProject
Project("{9A19103F-16F7-4668-BE54-9A1E7A4F7556}") = "ApplicationTest", "ApplicationTest\ApplicationTest.csproj", "{87641632-BA3E-4987-92A4-F4C8DA2F65CA}"
EndProject
Project("{FAE04EC0-301F-11D3-BF4B-00C04F79EFBC}") = "BusinessImplTestSuite", "BusinessImplTestSuite\BusinessImplTestSuite.csproj", "{9FA8FF73-2590-44E4-9F27-896AFBAE7E40}"
EndProject
Project("{FAE04EC0-301F-11D3-BF4B-00C04F79EFBC}") = "TestFaker", "TestFaker\TestFaker.csproj", "{E380C27E-8643-4208-8789-7B2486F45C86}"
EndProject
Global
	GlobalSection(SolutionConfigurationPlatforms) = preSolution
		Debug|Any CPU = Debug|Any CPU
		Release|Any CPU = Release|Any CPU
	EndGlobalSection
	GlobalSection(ProjectConfigurationPlatforms) = postSolution
		{C5AF17BC-0C16-4066-A5BE-5A209F65A169}.Debug|Any CPU.ActiveCfg = Debug|Any CPU
		{C5AF17BC-0C16-4066-A5BE-5A209F65A169}.Debug|Any CPU.Build.0 = Debug|Any CPU
		{C5AF17BC-0C16-4066-A5BE-5A209F65A169}.Release|Any CPU.ActiveCfg = Release|Any CPU
		{C5AF17BC-0C16-4066-A5BE-5A209F65A169}.Release|Any CPU.Build.0 = Release|Any CPU
		{E9C8EE75-BCAF-46B6-84F9-032803D35BE6}.Debug|Any CPU.ActiveCfg = Debug|Any CPU
		{E9C8EE75-BCAF-46B6-84F9-032803D35BE6}.Debug|Any CPU.Build.0 = Debug|Any CPU
		{E9C8EE75-BCAF-46B6-84F9-032803D35BE6}.Release|Any CPU.ActiveCfg = Release|Any CPU
		{E9C8EE75-BCAF-46B6-84F9-032803D35BE6}.Release|Any CPU.Build.0 = Release|Any CPU
		{F89580DC-6C91-4F9D-81EA-EDE3222CA344}.Debug|Any CPU.ActiveCfg = Debug|Any CPU
		{F89580DC-6C91-4F9D-81EA-EDE3222CA344}.Debug|Any CPU.Build.0 = Debug|Any CPU
		{F89580DC-6C91-4F9D-81EA-EDE3222CA344}.Release|Any CPU.ActiveCfg = Release|Any CPU
		{F89580DC-6C91-4F9D-81EA-EDE3222CA344}.Release|Any CPU.Build.0 = Release|Any CPU
		{37B522B5-22DF-47AD-AEC0-38582CAE2F7A}.Debug|Any CPU.ActiveCfg = Debug|Any CPU
		{37B522B5-22DF-47AD-AEC0-38582CAE2F7A}.Debug|Any CPU.Build.0 = Debug|Any CPU
		{37B522B5-22DF-47AD-AEC0-38582CAE2F7A}.Release|Any CPU.ActiveCfg = Release|Any CPU
		{37B522B5-22DF-47AD-AEC0-38582CAE2F7A}.Release|Any CPU.Build.0 = Release|Any CPU
		{713F62D5-0D47-4FB5-B1EE-0C8934DBB23E}.Debug|Any CPU.ActiveCfg = Debug|Any CPU
		{713F62D5-0D47-4FB5-B1EE-0C8934DBB23E}.Debug|Any CPU.Build.0 = Debug|Any CPU
		{713F62D5-0D47-4FB5-B1EE-0C8934DBB23E}.Release|Any CPU.ActiveCfg = Release|Any CPU
		{713F62D5-0D47-4FB5-B1EE-0C8934DBB23E}.Release|Any CPU.Build.0 = Release|Any CPU
		{95982CAE-2CDD-4FFD-BBCB-851961BED9CA}.Debug|Any CPU.ActiveCfg = Debug|Any CPU
		{95982CAE-2CDD-4FFD-BBCB-851961BED9CA}.Debug|Any CPU.Build.0 = Debug|Any CPU
		{95982CAE-2CDD-4FFD-BBCB-851961BED9CA}.Release|Any CPU.ActiveCfg = Release|Any CPU
		{95982CAE-2CDD-4FFD-BBCB-851961BED9CA}.Release|Any CPU.Build.0 = Release|Any CPU
		{B4F91C13-A925-4005-B64E-9B4A8EE79FC7}.Debug|Any CPU.ActiveCfg = Debug|Any CPU
		{B4F91C13-A925-4005-B64E-9B4A8EE79FC7}.Debug|Any CPU.Build.0 = Debug|Any CPU
		{B4F91C13-A925-4005-B64E-9B4A8EE79FC7}.Release|Any CPU.ActiveCfg = Release|Any CPU
		{B4F91C13-A925-4005-B64E-9B4A8EE79FC7}.Release|Any CPU.Build.0 = Release|Any CPU
		{9391097F-4DAE-4B3C-981C-AA51C8D28839}.Debug|Any CPU.ActiveCfg = Debug|Any CPU
		{9391097F-4DAE-4B3C-981C-AA51C8D28839}.Debug|Any CPU.Build.0 = Debug|Any CPU
		{9391097F-4DAE-4B3C-981C-AA51C8D28839}.Release|Any CPU.ActiveCfg = Release|Any CPU
		{9391097F-4DAE-4B3C-981C-AA51C8D28839}.Release|Any CPU.Build.0 = Release|Any CPU
		{87641632-BA3E-4987-92A4-F4C8DA2F65CA}.Debug|Any CPU.ActiveCfg = Debug|Any CPU
		{87641632-BA3E-4987-92A4-F4C8DA2F65CA}.Debug|Any CPU.Build.0 = Debug|Any CPU
		{87641632-BA3E-4987-92A4-F4C8DA2F65CA}.Release|Any CPU.ActiveCfg = Release|Any CPU
		{87641632-BA3E-4987-92A4-F4C8DA2F65CA}.Release|Any CPU.Build.0 = Release|Any CPU
		{9FA8FF73-2590-44E4-9F27-896AFBAE7E40}.Debug|Any CPU.ActiveCfg = Debug|Any CPU
		{9FA8FF73-2590-44E4-9F27-896AFBAE7E40}.Debug|Any CPU.Build.0 = Debug|Any CPU
		{9FA8FF73-2590-44E4-9F27-896AFBAE7E40}.Release|Any CPU.ActiveCfg = Release|Any CPU
		{9FA8FF73-2590-44E4-9F27-896AFBAE7E40}.Release|Any CPU.Build.0 = Release|Any CPU
		{E380C27E-8643-4208-8789-7B2486F45C86}.Debug|Any CPU.ActiveCfg = Debug|Any CPU
		{E380C27E-8643-4208-8789-7B2486F45C86}.Debug|Any CPU.Build.0 = Debug|Any CPU
		{E380C27E-8643-4208-8789-7B2486F45C86}.Release|Any CPU.ActiveCfg = Release|Any CPU
		{E380C27E-8643-4208-8789-7B2486F45C86}.Release|Any CPU.Build.0 = Release|Any CPU
	EndGlobalSection
	GlobalSection(SolutionProperties) = preSolution
		HideSolutionNode = FALSE
	EndGlobalSection
	GlobalSection(NestedProjects) = preSolution
		{B4F91C13-A925-4005-B64E-9B4A8EE79FC7} = {B7CA67E1-4D09-4F3C-8C10-F4FB816CE272}
		{B7CA67E1-4D09-4F3C-8C10-F4FB816CE272} = {C6685B51-BF85-446B-A22B-085D14F3ECA7}
		{53511357-895A-4905-8D02-D57D3BCF853A} = {C6685B51-BF85-446B-A22B-085D14F3ECA7}
		{87641632-BA3E-4987-92A4-F4C8DA2F65CA} = {53511357-895A-4905-8D02-D57D3BCF853A}
		{9FA8FF73-2590-44E4-9F27-896AFBAE7E40} = {53511357-895A-4905-8D02-D57D3BCF853A}
		{E380C27E-8643-4208-8789-7B2486F45C86} = {53511357-895A-4905-8D02-D57D3BCF853A}
	EndGlobalSection
	GlobalSection(ExtensibilityGlobals) = postSolution
		SolutionGuid = {B8EEF789-BA59-4ECF-B1C0-EA15ACB5F535}
	EndGlobalSection
EndGlobal
